// !$*UTF8*$!
{
	archiveVersion = 1;
	classes = {
	};
	objectVersion = 56;
	objects = {

/* Begin PBXBuildFile section */
		53300FFD2AB4C8FF006A1D6B /* SwiftUI_WeatherApp.swift in Sources */ = {isa = PBXBuildFile; fileRef = 53300FFC2AB4C8FF006A1D6B /* SwiftUI_WeatherApp.swift */; };
		53300FFF2AB4C8FF006A1D6B /* WeatherHomeView.swift in Sources */ = {isa = PBXBuildFile; fileRef = 53300FFE2AB4C8FF006A1D6B /* WeatherHomeView.swift */; };
		533010012AB4C901006A1D6B /* Assets.xcassets in Resources */ = {isa = PBXBuildFile; fileRef = 533010002AB4C901006A1D6B /* Assets.xcassets */; };
		533010052AB4C901006A1D6B /* Preview Assets.xcassets in Resources */ = {isa = PBXBuildFile; fileRef = 533010042AB4C901006A1D6B /* Preview Assets.xcassets */; };
		5330100F2AB4C902006A1D6B /* SwiftUI_WeatherTests.swift in Sources */ = {isa = PBXBuildFile; fileRef = 5330100E2AB4C902006A1D6B /* SwiftUI_WeatherTests.swift */; };
		533010192AB4C902006A1D6B /* SwiftUI_WeatherUITests.swift in Sources */ = {isa = PBXBuildFile; fileRef = 533010182AB4C902006A1D6B /* SwiftUI_WeatherUITests.swift */; };
		5330101B2AB4C902006A1D6B /* SwiftUI_WeatherUITestsLaunchTests.swift in Sources */ = {isa = PBXBuildFile; fileRef = 5330101A2AB4C902006A1D6B /* SwiftUI_WeatherUITestsLaunchTests.swift */; };
		533010282AB4D64A006A1D6B /* WeatherView.swift in Sources */ = {isa = PBXBuildFile; fileRef = 533010272AB4D64A006A1D6B /* WeatherView.swift */; };
		5330102A2AB4DA68006A1D6B /* Weather.swift in Sources */ = {isa = PBXBuildFile; fileRef = 533010292AB4DA68006A1D6B /* Weather.swift */; };
		5340E97B2AB5F11300D72D91 /* AsyncHTTPClient in Frameworks */ = {isa = PBXBuildFile; productRef = 5340E97A2AB5F11300D72D91 /* AsyncHTTPClient */; };
		5340E9912AB5FA3C00D72D91 /* DependencyInjectionContainer.swift in Sources */ = {isa = PBXBuildFile; fileRef = 5340E9902AB5FA3C00D72D91 /* DependencyInjectionContainer.swift */; };
		5340E9932AB5FA8800D72D91 /* DependencyType.swift in Sources */ = {isa = PBXBuildFile; fileRef = 5340E9922AB5FA8800D72D91 /* DependencyType.swift */; };
		5340E9952AB5FCAA00D72D91 /* Inject.swift in Sources */ = {isa = PBXBuildFile; fileRef = 5340E9942AB5FCAA00D72D91 /* Inject.swift */; };
		5340E9992AB5FE9200D72D91 /* RestDependencyInjection.swift in Sources */ = {isa = PBXBuildFile; fileRef = 5340E9982AB5FE9200D72D91 /* RestDependencyInjection.swift */; };
		5340E9A02AB635AC00D72D91 /* Constants.swift in Sources */ = {isa = PBXBuildFile; fileRef = 5340E99F2AB635AC00D72D91 /* Constants.swift */; };
		5340E9AB2AB647B500D72D91 /* Location.swift in Sources */ = {isa = PBXBuildFile; fileRef = 5340E9AA2AB647B500D72D91 /* Location.swift */; };
		5340E9AD2AB6483000D72D91 /* Condition.swift in Sources */ = {isa = PBXBuildFile; fileRef = 5340E9AC2AB6483000D72D91 /* Condition.swift */; };
		5340E9AF2AB6489300D72D91 /* CurrentCondition.swift in Sources */ = {isa = PBXBuildFile; fileRef = 5340E9AE2AB6489300D72D91 /* CurrentCondition.swift */; };
		5340E9B12AB6493100D72D91 /* CurrentConditionResponse.swift in Sources */ = {isa = PBXBuildFile; fileRef = 5340E9B02AB6493100D72D91 /* CurrentConditionResponse.swift */; };
		5346E1FC2AB7A91E000441A5 /* WeatherModelProtocol.swift in Sources */ = {isa = PBXBuildFile; fileRef = 5346E1FB2AB7A91E000441A5 /* WeatherModelProtocol.swift */; };
		5346E1FF2AB7AA97000441A5 /* MVIContainer.swift in Sources */ = {isa = PBXBuildFile; fileRef = 5346E1FE2AB7AA97000441A5 /* MVIContainer.swift */; };
		5346E2012AB7AB1C000441A5 /* WeatherRouter.swift in Sources */ = {isa = PBXBuildFile; fileRef = 5346E2002AB7AB1C000441A5 /* WeatherRouter.swift */; };
		5346E2032AB7AB8B000441A5 /* RouterProtocol.swift in Sources */ = {isa = PBXBuildFile; fileRef = 5346E2022AB7AB8B000441A5 /* RouterProtocol.swift */; };
		5346E2062AB7AC05000441A5 /* RouterNavigationViewModifier.swift in Sources */ = {isa = PBXBuildFile; fileRef = 5346E2052AB7AC05000441A5 /* RouterNavigationViewModifier.swift */; };
		5346E2082AB7AC75000441A5 /* RouterAlertModifier.swift in Sources */ = {isa = PBXBuildFile; fileRef = 5346E2072AB7AC75000441A5 /* RouterAlertModifier.swift */; };
		5346E20A2AB7ACBD000441A5 /* RouterCloseModifier.swift in Sources */ = {isa = PBXBuildFile; fileRef = 5346E2092AB7ACBD000441A5 /* RouterCloseModifier.swift */; };
		5346E20C2AB7ACFC000441A5 /* RouterNavigationStackModifier.swift in Sources */ = {isa = PBXBuildFile; fileRef = 5346E20B2AB7ACFC000441A5 /* RouterNavigationStackModifier.swift */; };
		5346E20F2AB7AE41000441A5 /* WeatherIntentProtocol.swift in Sources */ = {isa = PBXBuildFile; fileRef = 5346E20E2AB7AE41000441A5 /* WeatherIntentProtocol.swift */; };
		5346E2122AB7AED7000441A5 /* RouterScreenProtocol.swift in Sources */ = {isa = PBXBuildFile; fileRef = 5346E2112AB7AED7000441A5 /* RouterScreenProtocol.swift */; };
		5346E2142AB7AF4D000441A5 /* RouterSheetModifier.swift in Sources */ = {isa = PBXBuildFile; fileRef = 5346E2132AB7AF4D000441A5 /* RouterSheetModifier.swift */; };
		5346E2172AB7B0D6000441A5 /* WeatherModel.swift in Sources */ = {isa = PBXBuildFile; fileRef = 5346E2162AB7B0D6000441A5 /* WeatherModel.swift */; };
		5346E2192AB7B165000441A5 /* WeatherTypes.swift in Sources */ = {isa = PBXBuildFile; fileRef = 5346E2182AB7B165000441A5 /* WeatherTypes.swift */; };
		5346E21B2AB7B51E000441A5 /* WeatherHomeView+Build.swift in Sources */ = {isa = PBXBuildFile; fileRef = 5346E21A2AB7B51E000441A5 /* WeatherHomeView+Build.swift */; };
		5346E21D2AB7B67B000441A5 /* WeeatherIntent.swift in Sources */ = {isa = PBXBuildFile; fileRef = 5346E21C2AB7B67B000441A5 /* WeeatherIntent.swift */; };
		5365DA512ABA80D900CC05A5 /* WeatherHomeInjection.swift in Sources */ = {isa = PBXBuildFile; fileRef = 5365DA502ABA80D900CC05A5 /* WeatherHomeInjection.swift */; };
		53B8A3562AB8FA2900658175 /* CurrentWeatherRemoteRepository.swift in Sources */ = {isa = PBXBuildFile; fileRef = 53B8A3552AB8FA2900658175 /* CurrentWeatherRemoteRepository.swift */; };
		53B8A3582AB8FB0C00658175 /* CurrentWeatherRemoteRepositoryImpl.swift in Sources */ = {isa = PBXBuildFile; fileRef = 53B8A3572AB8FB0C00658175 /* CurrentWeatherRemoteRepositoryImpl.swift */; };
		53B8A35A2AB8FD7200658175 /* WebRepository.swift in Sources */ = {isa = PBXBuildFile; fileRef = 53B8A3592AB8FD7200658175 /* WebRepository.swift */; };
		53B8A35C2AB8FDBF00658175 /* APICall.swift in Sources */ = {isa = PBXBuildFile; fileRef = 53B8A35B2AB8FDBF00658175 /* APICall.swift */; };
		53B8A35E2AB8FE0500658175 /* NetworkingHelpers.swift in Sources */ = {isa = PBXBuildFile; fileRef = 53B8A35D2AB8FE0500658175 /* NetworkingHelpers.swift */; };
		53B8A3612AB8FE7700658175 /* Loadable.swift in Sources */ = {isa = PBXBuildFile; fileRef = 53B8A3602AB8FE7700658175 /* Loadable.swift */; };
		53B8A3632AB8FEA400658175 /* CancelBag.swift in Sources */ = {isa = PBXBuildFile; fileRef = 53B8A3622AB8FEA400658175 /* CancelBag.swift */; };
		53B8A3662AB902CC00658175 /* CurrentWeatherInteractor.swift in Sources */ = {isa = PBXBuildFile; fileRef = 53B8A3652AB902CC00658175 /* CurrentWeatherInteractor.swift */; };
		53B8A3692AB9053D00658175 /* AppEnvironment.swift in Sources */ = {isa = PBXBuildFile; fileRef = 53B8A3682AB9053D00658175 /* AppEnvironment.swift */; };
		53B8A36B2AB9087900658175 /* InteractorDependencyInjection.swift in Sources */ = {isa = PBXBuildFile; fileRef = 53B8A36A2AB9087900658175 /* InteractorDependencyInjection.swift */; };
		53B8A36D2AB90E6800658175 /* CustomError.swift in Sources */ = {isa = PBXBuildFile; fileRef = 53B8A36C2AB90E6800658175 /* CustomError.swift */; };
		53B8A36F2AB92F4500658175 /* Helpers.swift in Sources */ = {isa = PBXBuildFile; fileRef = 53B8A36E2AB92F4500658175 /* Helpers.swift */; };
		53BA42412AB528DE00F71EFC /* BackgroundView.swift in Sources */ = {isa = PBXBuildFile; fileRef = 53BA42402AB528DE00F71EFC /* BackgroundView.swift */; };
		53BA42432AB52B6800F71EFC /* WeatherButton.swift in Sources */ = {isa = PBXBuildFile; fileRef = 53BA42422AB52B6800F71EFC /* WeatherButton.swift */; };
/* End PBXBuildFile section */

/* Begin PBXContainerItemProxy section */
		5330100B2AB4C902006A1D6B /* PBXContainerItemProxy */ = {
			isa = PBXContainerItemProxy;
			containerPortal = 53300FF12AB4C8FE006A1D6B /* Project object */;
			proxyType = 1;
			remoteGlobalIDString = 53300FF82AB4C8FF006A1D6B;
			remoteInfo = "SwiftUI-Weather";
		};
		533010152AB4C902006A1D6B /* PBXContainerItemProxy */ = {
			isa = PBXContainerItemProxy;
			containerPortal = 53300FF12AB4C8FE006A1D6B /* Project object */;
			proxyType = 1;
			remoteGlobalIDString = 53300FF82AB4C8FF006A1D6B;
			remoteInfo = "SwiftUI-Weather";
		};
/* End PBXContainerItemProxy section */

/* Begin PBXFileReference section */
		53300FF92AB4C8FF006A1D6B /* SwiftUI-Weather.app */ = {isa = PBXFileReference; explicitFileType = wrapper.application; includeInIndex = 0; path = "SwiftUI-Weather.app"; sourceTree = BUILT_PRODUCTS_DIR; };
		53300FFC2AB4C8FF006A1D6B /* SwiftUI_WeatherApp.swift */ = {isa = PBXFileReference; lastKnownFileType = sourcecode.swift; path = SwiftUI_WeatherApp.swift; sourceTree = "<group>"; };
		53300FFE2AB4C8FF006A1D6B /* WeatherHomeView.swift */ = {isa = PBXFileReference; lastKnownFileType = sourcecode.swift; path = WeatherHomeView.swift; sourceTree = "<group>"; };
		533010002AB4C901006A1D6B /* Assets.xcassets */ = {isa = PBXFileReference; lastKnownFileType = folder.assetcatalog; path = Assets.xcassets; sourceTree = "<group>"; };
		533010022AB4C901006A1D6B /* SwiftUI_Weather.entitlements */ = {isa = PBXFileReference; lastKnownFileType = text.plist.entitlements; path = SwiftUI_Weather.entitlements; sourceTree = "<group>"; };
		533010042AB4C901006A1D6B /* Preview Assets.xcassets */ = {isa = PBXFileReference; lastKnownFileType = folder.assetcatalog; path = "Preview Assets.xcassets"; sourceTree = "<group>"; };
		5330100A2AB4C901006A1D6B /* SwiftUI-WeatherTests.xctest */ = {isa = PBXFileReference; explicitFileType = wrapper.cfbundle; includeInIndex = 0; path = "SwiftUI-WeatherTests.xctest"; sourceTree = BUILT_PRODUCTS_DIR; };
		5330100E2AB4C902006A1D6B /* SwiftUI_WeatherTests.swift */ = {isa = PBXFileReference; lastKnownFileType = sourcecode.swift; path = SwiftUI_WeatherTests.swift; sourceTree = "<group>"; };
		533010142AB4C902006A1D6B /* SwiftUI-WeatherUITests.xctest */ = {isa = PBXFileReference; explicitFileType = wrapper.cfbundle; includeInIndex = 0; path = "SwiftUI-WeatherUITests.xctest"; sourceTree = BUILT_PRODUCTS_DIR; };
		533010182AB4C902006A1D6B /* SwiftUI_WeatherUITests.swift */ = {isa = PBXFileReference; lastKnownFileType = sourcecode.swift; path = SwiftUI_WeatherUITests.swift; sourceTree = "<group>"; };
		5330101A2AB4C902006A1D6B /* SwiftUI_WeatherUITestsLaunchTests.swift */ = {isa = PBXFileReference; lastKnownFileType = sourcecode.swift; path = SwiftUI_WeatherUITestsLaunchTests.swift; sourceTree = "<group>"; };
		533010272AB4D64A006A1D6B /* WeatherView.swift */ = {isa = PBXFileReference; lastKnownFileType = sourcecode.swift; path = WeatherView.swift; sourceTree = "<group>"; };
		533010292AB4DA68006A1D6B /* Weather.swift */ = {isa = PBXFileReference; lastKnownFileType = sourcecode.swift; path = Weather.swift; sourceTree = "<group>"; };
		5340E9902AB5FA3C00D72D91 /* DependencyInjectionContainer.swift */ = {isa = PBXFileReference; lastKnownFileType = sourcecode.swift; path = DependencyInjectionContainer.swift; sourceTree = "<group>"; };
		5340E9922AB5FA8800D72D91 /* DependencyType.swift */ = {isa = PBXFileReference; lastKnownFileType = sourcecode.swift; path = DependencyType.swift; sourceTree = "<group>"; };
		5340E9942AB5FCAA00D72D91 /* Inject.swift */ = {isa = PBXFileReference; lastKnownFileType = sourcecode.swift; path = Inject.swift; sourceTree = "<group>"; };
		5340E9982AB5FE9200D72D91 /* RestDependencyInjection.swift */ = {isa = PBXFileReference; lastKnownFileType = sourcecode.swift; path = RestDependencyInjection.swift; sourceTree = "<group>"; };
		5340E99F2AB635AC00D72D91 /* Constants.swift */ = {isa = PBXFileReference; lastKnownFileType = sourcecode.swift; path = Constants.swift; sourceTree = "<group>"; };
		5340E9AA2AB647B500D72D91 /* Location.swift */ = {isa = PBXFileReference; lastKnownFileType = sourcecode.swift; path = Location.swift; sourceTree = "<group>"; };
		5340E9AC2AB6483000D72D91 /* Condition.swift */ = {isa = PBXFileReference; lastKnownFileType = sourcecode.swift; path = Condition.swift; sourceTree = "<group>"; };
		5340E9AE2AB6489300D72D91 /* CurrentCondition.swift */ = {isa = PBXFileReference; lastKnownFileType = sourcecode.swift; path = CurrentCondition.swift; sourceTree = "<group>"; };
		5340E9B02AB6493100D72D91 /* CurrentConditionResponse.swift */ = {isa = PBXFileReference; lastKnownFileType = sourcecode.swift; path = CurrentConditionResponse.swift; sourceTree = "<group>"; };
		5346E1FB2AB7A91E000441A5 /* WeatherModelProtocol.swift */ = {isa = PBXFileReference; lastKnownFileType = sourcecode.swift; path = WeatherModelProtocol.swift; sourceTree = "<group>"; };
		5346E1FE2AB7AA97000441A5 /* MVIContainer.swift */ = {isa = PBXFileReference; lastKnownFileType = sourcecode.swift; path = MVIContainer.swift; sourceTree = "<group>"; };
		5346E2002AB7AB1C000441A5 /* WeatherRouter.swift */ = {isa = PBXFileReference; lastKnownFileType = sourcecode.swift; path = WeatherRouter.swift; sourceTree = "<group>"; };
		5346E2022AB7AB8B000441A5 /* RouterProtocol.swift */ = {isa = PBXFileReference; lastKnownFileType = sourcecode.swift; path = RouterProtocol.swift; sourceTree = "<group>"; };
		5346E2052AB7AC05000441A5 /* RouterNavigationViewModifier.swift */ = {isa = PBXFileReference; lastKnownFileType = sourcecode.swift; path = RouterNavigationViewModifier.swift; sourceTree = "<group>"; };
		5346E2072AB7AC75000441A5 /* RouterAlertModifier.swift */ = {isa = PBXFileReference; lastKnownFileType = sourcecode.swift; path = RouterAlertModifier.swift; sourceTree = "<group>"; };
		5346E2092AB7ACBD000441A5 /* RouterCloseModifier.swift */ = {isa = PBXFileReference; lastKnownFileType = sourcecode.swift; path = RouterCloseModifier.swift; sourceTree = "<group>"; };
		5346E20B2AB7ACFC000441A5 /* RouterNavigationStackModifier.swift */ = {isa = PBXFileReference; lastKnownFileType = sourcecode.swift; path = RouterNavigationStackModifier.swift; sourceTree = "<group>"; };
		5346E20E2AB7AE41000441A5 /* WeatherIntentProtocol.swift */ = {isa = PBXFileReference; lastKnownFileType = sourcecode.swift; path = WeatherIntentProtocol.swift; sourceTree = "<group>"; };
		5346E2112AB7AED7000441A5 /* RouterScreenProtocol.swift */ = {isa = PBXFileReference; lastKnownFileType = sourcecode.swift; path = RouterScreenProtocol.swift; sourceTree = "<group>"; };
		5346E2132AB7AF4D000441A5 /* RouterSheetModifier.swift */ = {isa = PBXFileReference; lastKnownFileType = sourcecode.swift; path = RouterSheetModifier.swift; sourceTree = "<group>"; };
		5346E2162AB7B0D6000441A5 /* WeatherModel.swift */ = {isa = PBXFileReference; lastKnownFileType = sourcecode.swift; path = WeatherModel.swift; sourceTree = "<group>"; };
		5346E2182AB7B165000441A5 /* WeatherTypes.swift */ = {isa = PBXFileReference; lastKnownFileType = sourcecode.swift; path = WeatherTypes.swift; sourceTree = "<group>"; };
		5346E21A2AB7B51E000441A5 /* WeatherHomeView+Build.swift */ = {isa = PBXFileReference; lastKnownFileType = sourcecode.swift; path = "WeatherHomeView+Build.swift"; sourceTree = "<group>"; };
		5346E21C2AB7B67B000441A5 /* WeeatherIntent.swift */ = {isa = PBXFileReference; lastKnownFileType = sourcecode.swift; path = WeeatherIntent.swift; sourceTree = "<group>"; };
		5365DA502ABA80D900CC05A5 /* WeatherHomeInjection.swift */ = {isa = PBXFileReference; lastKnownFileType = sourcecode.swift; path = WeatherHomeInjection.swift; sourceTree = "<group>"; };
		53B8A3552AB8FA2900658175 /* CurrentWeatherRemoteRepository.swift */ = {isa = PBXFileReference; lastKnownFileType = sourcecode.swift; path = CurrentWeatherRemoteRepository.swift; sourceTree = "<group>"; };
		53B8A3572AB8FB0C00658175 /* CurrentWeatherRemoteRepositoryImpl.swift */ = {isa = PBXFileReference; lastKnownFileType = sourcecode.swift; path = CurrentWeatherRemoteRepositoryImpl.swift; sourceTree = "<group>"; };
		53B8A3592AB8FD7200658175 /* WebRepository.swift */ = {isa = PBXFileReference; lastKnownFileType = sourcecode.swift; path = WebRepository.swift; sourceTree = "<group>"; };
		53B8A35B2AB8FDBF00658175 /* APICall.swift */ = {isa = PBXFileReference; lastKnownFileType = sourcecode.swift; path = APICall.swift; sourceTree = "<group>"; };
		53B8A35D2AB8FE0500658175 /* NetworkingHelpers.swift */ = {isa = PBXFileReference; lastKnownFileType = sourcecode.swift; path = NetworkingHelpers.swift; sourceTree = "<group>"; };
		53B8A3602AB8FE7700658175 /* Loadable.swift */ = {isa = PBXFileReference; lastKnownFileType = sourcecode.swift; path = Loadable.swift; sourceTree = "<group>"; };
		53B8A3622AB8FEA400658175 /* CancelBag.swift */ = {isa = PBXFileReference; lastKnownFileType = sourcecode.swift; path = CancelBag.swift; sourceTree = "<group>"; };
		53B8A3652AB902CC00658175 /* CurrentWeatherInteractor.swift */ = {isa = PBXFileReference; lastKnownFileType = sourcecode.swift; path = CurrentWeatherInteractor.swift; sourceTree = "<group>"; };
		53B8A3682AB9053D00658175 /* AppEnvironment.swift */ = {isa = PBXFileReference; lastKnownFileType = sourcecode.swift; path = AppEnvironment.swift; sourceTree = "<group>"; };
		53B8A36A2AB9087900658175 /* InteractorDependencyInjection.swift */ = {isa = PBXFileReference; lastKnownFileType = sourcecode.swift; path = InteractorDependencyInjection.swift; sourceTree = "<group>"; };
		53B8A36C2AB90E6800658175 /* CustomError.swift */ = {isa = PBXFileReference; lastKnownFileType = sourcecode.swift; path = CustomError.swift; sourceTree = "<group>"; };
		53B8A36E2AB92F4500658175 /* Helpers.swift */ = {isa = PBXFileReference; lastKnownFileType = sourcecode.swift; path = Helpers.swift; sourceTree = "<group>"; };
		53BA42402AB528DE00F71EFC /* BackgroundView.swift */ = {isa = PBXFileReference; lastKnownFileType = sourcecode.swift; path = BackgroundView.swift; sourceTree = "<group>"; };
		53BA42422AB52B6800F71EFC /* WeatherButton.swift */ = {isa = PBXFileReference; lastKnownFileType = sourcecode.swift; path = WeatherButton.swift; sourceTree = "<group>"; };
/* End PBXFileReference section */

/* Begin PBXFrameworksBuildPhase section */
		53300FF62AB4C8FF006A1D6B /* Frameworks */ = {
			isa = PBXFrameworksBuildPhase;
			buildActionMask = 2147483647;
			files = (
				5340E97B2AB5F11300D72D91 /* AsyncHTTPClient in Frameworks */,
			);
			runOnlyForDeploymentPostprocessing = 0;
		};
		533010072AB4C901006A1D6B /* Frameworks */ = {
			isa = PBXFrameworksBuildPhase;
			buildActionMask = 2147483647;
			files = (
			);
			runOnlyForDeploymentPostprocessing = 0;
		};
		533010112AB4C902006A1D6B /* Frameworks */ = {
			isa = PBXFrameworksBuildPhase;
			buildActionMask = 2147483647;
			files = (
			);
			runOnlyForDeploymentPostprocessing = 0;
		};
/* End PBXFrameworksBuildPhase section */

/* Begin PBXGroup section */
		53300FF02AB4C8FE006A1D6B = {
			isa = PBXGroup;
			children = (
				53300FFB2AB4C8FF006A1D6B /* SwiftUI-Weather */,
				5330100D2AB4C902006A1D6B /* SwiftUI-WeatherTests */,
				533010172AB4C902006A1D6B /* SwiftUI-WeatherUITests */,
				53300FFA2AB4C8FF006A1D6B /* Products */,
			);
			sourceTree = "<group>";
		};
		53300FFA2AB4C8FF006A1D6B /* Products */ = {
			isa = PBXGroup;
			children = (
				53300FF92AB4C8FF006A1D6B /* SwiftUI-Weather.app */,
				5330100A2AB4C901006A1D6B /* SwiftUI-WeatherTests.xctest */,
				533010142AB4C902006A1D6B /* SwiftUI-WeatherUITests.xctest */,
			);
			name = Products;
			sourceTree = "<group>";
		};
		53300FFB2AB4C8FF006A1D6B /* SwiftUI-Weather */ = {
			isa = PBXGroup;
			children = (
				5346E1F92AB7A7ED000441A5 /* screens */,
				5340E9822AB5F59800D72D91 /* core */,
				5340E97D2AB5F4A500D72D91 /* domain */,
				5340E97C2AB5F49C00D72D91 /* data */,
				53300FFC2AB4C8FF006A1D6B /* SwiftUI_WeatherApp.swift */,
				533010002AB4C901006A1D6B /* Assets.xcassets */,
				533010022AB4C901006A1D6B /* SwiftUI_Weather.entitlements */,
				533010032AB4C901006A1D6B /* Preview Content */,
				533010292AB4DA68006A1D6B /* Weather.swift */,
			);
			path = "SwiftUI-Weather";
			sourceTree = "<group>";
		};
		533010032AB4C901006A1D6B /* Preview Content */ = {
			isa = PBXGroup;
			children = (
				533010042AB4C901006A1D6B /* Preview Assets.xcassets */,
			);
			path = "Preview Content";
			sourceTree = "<group>";
		};
		5330100D2AB4C902006A1D6B /* SwiftUI-WeatherTests */ = {
			isa = PBXGroup;
			children = (
				5330100E2AB4C902006A1D6B /* SwiftUI_WeatherTests.swift */,
			);
			path = "SwiftUI-WeatherTests";
			sourceTree = "<group>";
		};
		533010172AB4C902006A1D6B /* SwiftUI-WeatherUITests */ = {
			isa = PBXGroup;
			children = (
				533010182AB4C902006A1D6B /* SwiftUI_WeatherUITests.swift */,
				5330101A2AB4C902006A1D6B /* SwiftUI_WeatherUITestsLaunchTests.swift */,
			);
			path = "SwiftUI-WeatherUITests";
			sourceTree = "<group>";
		};
		5340E97C2AB5F49C00D72D91 /* data */ = {
			isa = PBXGroup;
			children = (
				53B8A3642AB902B100658175 /* interactor */,
				5340E98C2AB5F7A400D72D91 /* repository */,
			);
			path = data;
			sourceTree = "<group>";
		};
		5340E97D2AB5F4A500D72D91 /* domain */ = {
			isa = PBXGroup;
			children = (
				5340E9A92AB647A900D72D91 /* model */,
				5340E97F2AB5F54100D72D91 /* repository */,
			);
			path = domain;
			sourceTree = "<group>";
		};
		5340E97F2AB5F54100D72D91 /* repository */ = {
			isa = PBXGroup;
			children = (
				53B8A3552AB8FA2900658175 /* CurrentWeatherRemoteRepository.swift */,
			);
			path = repository;
			sourceTree = "<group>";
		};
		5340E9822AB5F59800D72D91 /* core */ = {
			isa = PBXGroup;
			children = (
				53B8A3672AB904F300658175 /* bootstrap */,
				53B8A35F2AB8FE6500658175 /* util */,
				5346E1FD2AB7AA83000441A5 /* router */,
				5340E99E2AB6358800D72D91 /* network */,
				5340E98F2AB5FA2600D72D91 /* di */,
				5340E99F2AB635AC00D72D91 /* Constants.swift */,
				5346E1FE2AB7AA97000441A5 /* MVIContainer.swift */,
			);
			path = core;
			sourceTree = "<group>";
		};
		5340E98C2AB5F7A400D72D91 /* repository */ = {
			isa = PBXGroup;
			children = (
				53B8A3572AB8FB0C00658175 /* CurrentWeatherRemoteRepositoryImpl.swift */,
			);
			path = repository;
			sourceTree = "<group>";
		};
		5340E98F2AB5FA2600D72D91 /* di */ = {
			isa = PBXGroup;
			children = (
				5340E9972AB5FE5100D72D91 /* app */,
				5340E9962AB5FE3200D72D91 /* container */,
			);
			path = di;
			sourceTree = "<group>";
		};
		5340E9962AB5FE3200D72D91 /* container */ = {
			isa = PBXGroup;
			children = (
				5340E9922AB5FA8800D72D91 /* DependencyType.swift */,
				5340E9942AB5FCAA00D72D91 /* Inject.swift */,
				5340E9902AB5FA3C00D72D91 /* DependencyInjectionContainer.swift */,
			);
			path = container;
			sourceTree = "<group>";
		};
		5340E9972AB5FE5100D72D91 /* app */ = {
			isa = PBXGroup;
			children = (
				5340E9982AB5FE9200D72D91 /* RestDependencyInjection.swift */,
				53B8A36A2AB9087900658175 /* InteractorDependencyInjection.swift */,
			);
			path = app;
			sourceTree = "<group>";
		};
		5340E99E2AB6358800D72D91 /* network */ = {
			isa = PBXGroup;
			children = (
				53B8A3592AB8FD7200658175 /* WebRepository.swift */,
				53B8A35B2AB8FDBF00658175 /* APICall.swift */,
				53B8A35D2AB8FE0500658175 /* NetworkingHelpers.swift */,
			);
			path = network;
			sourceTree = "<group>";
		};
		5340E9A92AB647A900D72D91 /* model */ = {
			isa = PBXGroup;
			children = (
				5340E9AA2AB647B500D72D91 /* Location.swift */,
				5340E9AC2AB6483000D72D91 /* Condition.swift */,
				5340E9AE2AB6489300D72D91 /* CurrentCondition.swift */,
				5340E9B02AB6493100D72D91 /* CurrentConditionResponse.swift */,
			);
			path = model;
			sourceTree = "<group>";
		};
		5346E1F92AB7A7ED000441A5 /* screens */ = {
			isa = PBXGroup;
			children = (
				53B8A34F2AB8A2B000658175 /* main */,
			);
			path = screens;
			sourceTree = "<group>";
		};
		5346E1FA2AB7A8C9000441A5 /* model */ = {
			isa = PBXGroup;
			children = (
				5346E1FB2AB7A91E000441A5 /* WeatherModelProtocol.swift */,
				5346E2162AB7B0D6000441A5 /* WeatherModel.swift */,
			);
			path = model;
			sourceTree = "<group>";
		};
		5346E1FD2AB7AA83000441A5 /* router */ = {
			isa = PBXGroup;
			children = (
				5346E2102AB7AEB5000441A5 /* modifier */,
				5346E2022AB7AB8B000441A5 /* RouterProtocol.swift */,
				5346E2112AB7AED7000441A5 /* RouterScreenProtocol.swift */,
			);
			path = router;
			sourceTree = "<group>";
		};
		5346E2042AB7ABBF000441A5 /* router */ = {
			isa = PBXGroup;
			children = (
				5346E2002AB7AB1C000441A5 /* WeatherRouter.swift */,
			);
			path = router;
			sourceTree = "<group>";
		};
		5346E20D2AB7AE28000441A5 /* intent */ = {
			isa = PBXGroup;
			children = (
				5346E20E2AB7AE41000441A5 /* WeatherIntentProtocol.swift */,
				5346E21C2AB7B67B000441A5 /* WeeatherIntent.swift */,
			);
			path = intent;
			sourceTree = "<group>";
		};
		5346E2102AB7AEB5000441A5 /* modifier */ = {
			isa = PBXGroup;
			children = (
				5346E2052AB7AC05000441A5 /* RouterNavigationViewModifier.swift */,
				5346E2072AB7AC75000441A5 /* RouterAlertModifier.swift */,
				5346E2092AB7ACBD000441A5 /* RouterCloseModifier.swift */,
				5346E20B2AB7ACFC000441A5 /* RouterNavigationStackModifier.swift */,
				5346E2132AB7AF4D000441A5 /* RouterSheetModifier.swift */,
			);
			path = modifier;
			sourceTree = "<group>";
		};
		5346E2152AB7B020000441A5 /* view */ = {
			isa = PBXGroup;
			children = (
				53300FFE2AB4C8FF006A1D6B /* WeatherHomeView.swift */,
				53BA42402AB528DE00F71EFC /* BackgroundView.swift */,
				53BA42422AB52B6800F71EFC /* WeatherButton.swift */,
				533010272AB4D64A006A1D6B /* WeatherView.swift */,
				5346E21A2AB7B51E000441A5 /* WeatherHomeView+Build.swift */,
			);
			path = view;
			sourceTree = "<group>";
		};
		5365DA4F2ABA80A800CC05A5 /* di */ = {
			isa = PBXGroup;
			children = (
				5365DA502ABA80D900CC05A5 /* WeatherHomeInjection.swift */,
			);
			path = di;
			sourceTree = "<group>";
		};
		53B8A34F2AB8A2B000658175 /* main */ = {
			isa = PBXGroup;
			children = (
				5365DA4F2ABA80A800CC05A5 /* di */,
				5346E2152AB7B020000441A5 /* view */,
				5346E20D2AB7AE28000441A5 /* intent */,
				5346E2042AB7ABBF000441A5 /* router */,
				5346E1FA2AB7A8C9000441A5 /* model */,
				5346E2182AB7B165000441A5 /* WeatherTypes.swift */,
			);
			path = main;
			sourceTree = "<group>";
		};
		53B8A35F2AB8FE6500658175 /* util */ = {
			isa = PBXGroup;
			children = (
				53B8A3602AB8FE7700658175 /* Loadable.swift */,
				53B8A3622AB8FEA400658175 /* CancelBag.swift */,
				53B8A36C2AB90E6800658175 /* CustomError.swift */,
				53B8A36E2AB92F4500658175 /* Helpers.swift */,
			);
			path = util;
			sourceTree = "<group>";
		};
		53B8A3642AB902B100658175 /* interactor */ = {
			isa = PBXGroup;
			children = (
				53B8A3652AB902CC00658175 /* CurrentWeatherInteractor.swift */,
			);
			path = interactor;
			sourceTree = "<group>";
		};
		53B8A3672AB904F300658175 /* bootstrap */ = {
			isa = PBXGroup;
			children = (
				53B8A3682AB9053D00658175 /* AppEnvironment.swift */,
			);
			path = bootstrap;
			sourceTree = "<group>";
		};
/* End PBXGroup section */

/* Begin PBXNativeTarget section */
		53300FF82AB4C8FF006A1D6B /* SwiftUI-Weather */ = {
			isa = PBXNativeTarget;
			buildConfigurationList = 5330101E2AB4C902006A1D6B /* Build configuration list for PBXNativeTarget "SwiftUI-Weather" */;
			buildPhases = (
				53300FF52AB4C8FF006A1D6B /* Sources */,
				53300FF62AB4C8FF006A1D6B /* Frameworks */,
				53300FF72AB4C8FF006A1D6B /* Resources */,
			);
			buildRules = (
			);
			dependencies = (
			);
			name = "SwiftUI-Weather";
			packageProductDependencies = (
				5340E97A2AB5F11300D72D91 /* AsyncHTTPClient */,
			);
			productName = "SwiftUI-Weather";
			productReference = 53300FF92AB4C8FF006A1D6B /* SwiftUI-Weather.app */;
			productType = "com.apple.product-type.application";
		};
		533010092AB4C901006A1D6B /* SwiftUI-WeatherTests */ = {
			isa = PBXNativeTarget;
			buildConfigurationList = 533010212AB4C902006A1D6B /* Build configuration list for PBXNativeTarget "SwiftUI-WeatherTests" */;
			buildPhases = (
				533010062AB4C901006A1D6B /* Sources */,
				533010072AB4C901006A1D6B /* Frameworks */,
				533010082AB4C901006A1D6B /* Resources */,
			);
			buildRules = (
			);
			dependencies = (
				5330100C2AB4C902006A1D6B /* PBXTargetDependency */,
			);
			name = "SwiftUI-WeatherTests";
			productName = "SwiftUI-WeatherTests";
			productReference = 5330100A2AB4C901006A1D6B /* SwiftUI-WeatherTests.xctest */;
			productType = "com.apple.product-type.bundle.unit-test";
		};
		533010132AB4C902006A1D6B /* SwiftUI-WeatherUITests */ = {
			isa = PBXNativeTarget;
			buildConfigurationList = 533010242AB4C902006A1D6B /* Build configuration list for PBXNativeTarget "SwiftUI-WeatherUITests" */;
			buildPhases = (
				533010102AB4C902006A1D6B /* Sources */,
				533010112AB4C902006A1D6B /* Frameworks */,
				533010122AB4C902006A1D6B /* Resources */,
			);
			buildRules = (
			);
			dependencies = (
				533010162AB4C902006A1D6B /* PBXTargetDependency */,
			);
			name = "SwiftUI-WeatherUITests";
			productName = "SwiftUI-WeatherUITests";
			productReference = 533010142AB4C902006A1D6B /* SwiftUI-WeatherUITests.xctest */;
			productType = "com.apple.product-type.bundle.ui-testing";
		};
/* End PBXNativeTarget section */

/* Begin PBXProject section */
		53300FF12AB4C8FE006A1D6B /* Project object */ = {
			isa = PBXProject;
			attributes = {
				BuildIndependentTargetsInParallel = 1;
				LastSwiftUpdateCheck = 1430;
				LastUpgradeCheck = 1430;
				TargetAttributes = {
					53300FF82AB4C8FF006A1D6B = {
						CreatedOnToolsVersion = 14.3.1;
					};
					533010092AB4C901006A1D6B = {
						CreatedOnToolsVersion = 14.3.1;
						TestTargetID = 53300FF82AB4C8FF006A1D6B;
					};
					533010132AB4C902006A1D6B = {
						CreatedOnToolsVersion = 14.3.1;
						TestTargetID = 53300FF82AB4C8FF006A1D6B;
					};
				};
			};
			buildConfigurationList = 53300FF42AB4C8FE006A1D6B /* Build configuration list for PBXProject "SwiftUI-Weather" */;
			compatibilityVersion = "Xcode 14.0";
			developmentRegion = "pt-BR";
			hasScannedForEncodings = 0;
			knownRegions = (
				en,
				Base,
				"pt-BR",
			);
			mainGroup = 53300FF02AB4C8FE006A1D6B;
			packageReferences = (
				5340E9792AB5F11300D72D91 /* XCRemoteSwiftPackageReference "async-http-client" */,
			);
			productRefGroup = 53300FFA2AB4C8FF006A1D6B /* Products */;
			projectDirPath = "";
			projectRoot = "";
			targets = (
				53300FF82AB4C8FF006A1D6B /* SwiftUI-Weather */,
				533010092AB4C901006A1D6B /* SwiftUI-WeatherTests */,
				533010132AB4C902006A1D6B /* SwiftUI-WeatherUITests */,
			);
		};
/* End PBXProject section */

/* Begin PBXResourcesBuildPhase section */
		53300FF72AB4C8FF006A1D6B /* Resources */ = {
			isa = PBXResourcesBuildPhase;
			buildActionMask = 2147483647;
			files = (
				533010052AB4C901006A1D6B /* Preview Assets.xcassets in Resources */,
				533010012AB4C901006A1D6B /* Assets.xcassets in Resources */,
			);
			runOnlyForDeploymentPostprocessing = 0;
		};
		533010082AB4C901006A1D6B /* Resources */ = {
			isa = PBXResourcesBuildPhase;
			buildActionMask = 2147483647;
			files = (
			);
			runOnlyForDeploymentPostprocessing = 0;
		};
		533010122AB4C902006A1D6B /* Resources */ = {
			isa = PBXResourcesBuildPhase;
			buildActionMask = 2147483647;
			files = (
			);
			runOnlyForDeploymentPostprocessing = 0;
		};
/* End PBXResourcesBuildPhase section */

/* Begin PBXSourcesBuildPhase section */
		53300FF52AB4C8FF006A1D6B /* Sources */ = {
			isa = PBXSourcesBuildPhase;
			buildActionMask = 2147483647;
			files = (
				53B8A35E2AB8FE0500658175 /* NetworkingHelpers.swift in Sources */,
				5340E9912AB5FA3C00D72D91 /* DependencyInjectionContainer.swift in Sources */,
				5346E1FC2AB7A91E000441A5 /* WeatherModelProtocol.swift in Sources */,
				5340E9A02AB635AC00D72D91 /* Constants.swift in Sources */,
				53B8A3632AB8FEA400658175 /* CancelBag.swift in Sources */,
				53B8A3692AB9053D00658175 /* AppEnvironment.swift in Sources */,
				5346E2082AB7AC75000441A5 /* RouterAlertModifier.swift in Sources */,
				5346E2172AB7B0D6000441A5 /* WeatherModel.swift in Sources */,
				5346E21D2AB7B67B000441A5 /* WeeatherIntent.swift in Sources */,
				5346E2192AB7B165000441A5 /* WeatherTypes.swift in Sources */,
				5346E21B2AB7B51E000441A5 /* WeatherHomeView+Build.swift in Sources */,
				5340E9952AB5FCAA00D72D91 /* Inject.swift in Sources */,
				53BA42412AB528DE00F71EFC /* BackgroundView.swift in Sources */,
				5365DA512ABA80D900CC05A5 /* WeatherHomeInjection.swift in Sources */,
				5330102A2AB4DA68006A1D6B /* Weather.swift in Sources */,
				53B8A36B2AB9087900658175 /* InteractorDependencyInjection.swift in Sources */,
				53BA42432AB52B6800F71EFC /* WeatherButton.swift in Sources */,
				53B8A36F2AB92F4500658175 /* Helpers.swift in Sources */,
				5346E2012AB7AB1C000441A5 /* WeatherRouter.swift in Sources */,
				5346E2142AB7AF4D000441A5 /* RouterSheetModifier.swift in Sources */,
				53B8A3662AB902CC00658175 /* CurrentWeatherInteractor.swift in Sources */,
				5346E2062AB7AC05000441A5 /* RouterNavigationViewModifier.swift in Sources */,
				533010282AB4D64A006A1D6B /* WeatherView.swift in Sources */,
				5340E9992AB5FE9200D72D91 /* RestDependencyInjection.swift in Sources */,
				5340E9AF2AB6489300D72D91 /* CurrentCondition.swift in Sources */,
				5340E9AD2AB6483000D72D91 /* Condition.swift in Sources */,
				53300FFF2AB4C8FF006A1D6B /* WeatherHomeView.swift in Sources */,
				53B8A35A2AB8FD7200658175 /* WebRepository.swift in Sources */,
				53B8A3612AB8FE7700658175 /* Loadable.swift in Sources */,
				5340E9AB2AB647B500D72D91 /* Location.swift in Sources */,
				5340E9932AB5FA8800D72D91 /* DependencyType.swift in Sources */,
				5346E2032AB7AB8B000441A5 /* RouterProtocol.swift in Sources */,
				5346E2122AB7AED7000441A5 /* RouterScreenProtocol.swift in Sources */,
				5346E20C2AB7ACFC000441A5 /* RouterNavigationStackModifier.swift in Sources */,
				5340E9B12AB6493100D72D91 /* CurrentConditionResponse.swift in Sources */,
				53B8A3562AB8FA2900658175 /* CurrentWeatherRemoteRepository.swift in Sources */,
				53B8A36D2AB90E6800658175 /* CustomError.swift in Sources */,
				5346E20A2AB7ACBD000441A5 /* RouterCloseModifier.swift in Sources */,
				53B8A3582AB8FB0C00658175 /* CurrentWeatherRemoteRepositoryImpl.swift in Sources */,
				5346E1FF2AB7AA97000441A5 /* MVIContainer.swift in Sources */,
				5346E20F2AB7AE41000441A5 /* WeatherIntentProtocol.swift in Sources */,
				53300FFD2AB4C8FF006A1D6B /* SwiftUI_WeatherApp.swift in Sources */,
				53B8A35C2AB8FDBF00658175 /* APICall.swift in Sources */,
			);
			runOnlyForDeploymentPostprocessing = 0;
		};
		533010062AB4C901006A1D6B /* Sources */ = {
			isa = PBXSourcesBuildPhase;
			buildActionMask = 2147483647;
			files = (
				5330100F2AB4C902006A1D6B /* SwiftUI_WeatherTests.swift in Sources */,
			);
			runOnlyForDeploymentPostprocessing = 0;
		};
		533010102AB4C902006A1D6B /* Sources */ = {
			isa = PBXSourcesBuildPhase;
			buildActionMask = 2147483647;
			files = (
				533010192AB4C902006A1D6B /* SwiftUI_WeatherUITests.swift in Sources */,
				5330101B2AB4C902006A1D6B /* SwiftUI_WeatherUITestsLaunchTests.swift in Sources */,
			);
			runOnlyForDeploymentPostprocessing = 0;
		};
/* End PBXSourcesBuildPhase section */

/* Begin PBXTargetDependency section */
		5330100C2AB4C902006A1D6B /* PBXTargetDependency */ = {
			isa = PBXTargetDependency;
			target = 53300FF82AB4C8FF006A1D6B /* SwiftUI-Weather */;
			targetProxy = 5330100B2AB4C902006A1D6B /* PBXContainerItemProxy */;
		};
		533010162AB4C902006A1D6B /* PBXTargetDependency */ = {
			isa = PBXTargetDependency;
			target = 53300FF82AB4C8FF006A1D6B /* SwiftUI-Weather */;
			targetProxy = 533010152AB4C902006A1D6B /* PBXContainerItemProxy */;
		};
/* End PBXTargetDependency section */

/* Begin XCBuildConfiguration section */
		5330101C2AB4C902006A1D6B /* Debug */ = {
			isa = XCBuildConfiguration;
			buildSettings = {
				ALWAYS_SEARCH_USER_PATHS = NO;
				CLANG_ANALYZER_NONNULL = YES;
				CLANG_ANALYZER_NUMBER_OBJECT_CONVERSION = YES_AGGRESSIVE;
				CLANG_CXX_LANGUAGE_STANDARD = "gnu++20";
				CLANG_ENABLE_MODULES = YES;
				CLANG_ENABLE_OBJC_ARC = YES;
				CLANG_ENABLE_OBJC_WEAK = YES;
				CLANG_WARN_BLOCK_CAPTURE_AUTORELEASING = YES;
				CLANG_WARN_BOOL_CONVERSION = YES;
				CLANG_WARN_COMMA = YES;
				CLANG_WARN_CONSTANT_CONVERSION = YES;
				CLANG_WARN_DEPRECATED_OBJC_IMPLEMENTATIONS = YES;
				CLANG_WARN_DIRECT_OBJC_ISA_USAGE = YES_ERROR;
				CLANG_WARN_DOCUMENTATION_COMMENTS = YES;
				CLANG_WARN_EMPTY_BODY = YES;
				CLANG_WARN_ENUM_CONVERSION = YES;
				CLANG_WARN_INFINITE_RECURSION = YES;
				CLANG_WARN_INT_CONVERSION = YES;
				CLANG_WARN_NON_LITERAL_NULL_CONVERSION = YES;
				CLANG_WARN_OBJC_IMPLICIT_RETAIN_SELF = YES;
				CLANG_WARN_OBJC_LITERAL_CONVERSION = YES;
				CLANG_WARN_OBJC_ROOT_CLASS = YES_ERROR;
				CLANG_WARN_QUOTED_INCLUDE_IN_FRAMEWORK_HEADER = YES;
				CLANG_WARN_RANGE_LOOP_ANALYSIS = YES;
				CLANG_WARN_STRICT_PROTOTYPES = YES;
				CLANG_WARN_SUSPICIOUS_MOVE = YES;
				CLANG_WARN_UNGUARDED_AVAILABILITY = YES_AGGRESSIVE;
				CLANG_WARN_UNREACHABLE_CODE = YES;
				CLANG_WARN__DUPLICATE_METHOD_MATCH = YES;
				COPY_PHASE_STRIP = NO;
				DEBUG_INFORMATION_FORMAT = dwarf;
				ENABLE_STRICT_OBJC_MSGSEND = YES;
				ENABLE_TESTABILITY = YES;
				GCC_C_LANGUAGE_STANDARD = gnu11;
				GCC_DYNAMIC_NO_PIC = NO;
				GCC_NO_COMMON_BLOCKS = YES;
				GCC_OPTIMIZATION_LEVEL = 0;
				GCC_PREPROCESSOR_DEFINITIONS = (
					"DEBUG=1",
					"$(inherited)",
				);
				GCC_WARN_64_TO_32_BIT_CONVERSION = YES;
				GCC_WARN_ABOUT_RETURN_TYPE = YES_ERROR;
				GCC_WARN_UNDECLARED_SELECTOR = YES;
				GCC_WARN_UNINITIALIZED_AUTOS = YES_AGGRESSIVE;
				GCC_WARN_UNUSED_FUNCTION = YES;
				GCC_WARN_UNUSED_VARIABLE = YES;
				MTL_ENABLE_DEBUG_INFO = INCLUDE_SOURCE;
				MTL_FAST_MATH = YES;
				ONLY_ACTIVE_ARCH = YES;
				SWIFT_ACTIVE_COMPILATION_CONDITIONS = DEBUG;
				SWIFT_OPTIMIZATION_LEVEL = "-Onone";
			};
			name = Debug;
		};
		5330101D2AB4C902006A1D6B /* Release */ = {
			isa = XCBuildConfiguration;
			buildSettings = {
				ALWAYS_SEARCH_USER_PATHS = NO;
				CLANG_ANALYZER_NONNULL = YES;
				CLANG_ANALYZER_NUMBER_OBJECT_CONVERSION = YES_AGGRESSIVE;
				CLANG_CXX_LANGUAGE_STANDARD = "gnu++20";
				CLANG_ENABLE_MODULES = YES;
				CLANG_ENABLE_OBJC_ARC = YES;
				CLANG_ENABLE_OBJC_WEAK = YES;
				CLANG_WARN_BLOCK_CAPTURE_AUTORELEASING = YES;
				CLANG_WARN_BOOL_CONVERSION = YES;
				CLANG_WARN_COMMA = YES;
				CLANG_WARN_CONSTANT_CONVERSION = YES;
				CLANG_WARN_DEPRECATED_OBJC_IMPLEMENTATIONS = YES;
				CLANG_WARN_DIRECT_OBJC_ISA_USAGE = YES_ERROR;
				CLANG_WARN_DOCUMENTATION_COMMENTS = YES;
				CLANG_WARN_EMPTY_BODY = YES;
				CLANG_WARN_ENUM_CONVERSION = YES;
				CLANG_WARN_INFINITE_RECURSION = YES;
				CLANG_WARN_INT_CONVERSION = YES;
				CLANG_WARN_NON_LITERAL_NULL_CONVERSION = YES;
				CLANG_WARN_OBJC_IMPLICIT_RETAIN_SELF = YES;
				CLANG_WARN_OBJC_LITERAL_CONVERSION = YES;
				CLANG_WARN_OBJC_ROOT_CLASS = YES_ERROR;
				CLANG_WARN_QUOTED_INCLUDE_IN_FRAMEWORK_HEADER = YES;
				CLANG_WARN_RANGE_LOOP_ANALYSIS = YES;
				CLANG_WARN_STRICT_PROTOTYPES = YES;
				CLANG_WARN_SUSPICIOUS_MOVE = YES;
				CLANG_WARN_UNGUARDED_AVAILABILITY = YES_AGGRESSIVE;
				CLANG_WARN_UNREACHABLE_CODE = YES;
				CLANG_WARN__DUPLICATE_METHOD_MATCH = YES;
				COPY_PHASE_STRIP = NO;
				DEBUG_INFORMATION_FORMAT = "dwarf-with-dsym";
				ENABLE_NS_ASSERTIONS = NO;
				ENABLE_STRICT_OBJC_MSGSEND = YES;
				GCC_C_LANGUAGE_STANDARD = gnu11;
				GCC_NO_COMMON_BLOCKS = YES;
				GCC_WARN_64_TO_32_BIT_CONVERSION = YES;
				GCC_WARN_ABOUT_RETURN_TYPE = YES_ERROR;
				GCC_WARN_UNDECLARED_SELECTOR = YES;
				GCC_WARN_UNINITIALIZED_AUTOS = YES_AGGRESSIVE;
				GCC_WARN_UNUSED_FUNCTION = YES;
				GCC_WARN_UNUSED_VARIABLE = YES;
				MTL_ENABLE_DEBUG_INFO = NO;
				MTL_FAST_MATH = YES;
				SWIFT_COMPILATION_MODE = wholemodule;
				SWIFT_OPTIMIZATION_LEVEL = "-O";
			};
			name = Release;
		};
		5330101F2AB4C902006A1D6B /* Debug */ = {
			isa = XCBuildConfiguration;
			buildSettings = {
				ASSETCATALOG_COMPILER_APPICON_NAME = AppIcon;
				ASSETCATALOG_COMPILER_GLOBAL_ACCENT_COLOR_NAME = AccentColor;
				CODE_SIGN_ENTITLEMENTS = "SwiftUI-Weather/SwiftUI_Weather.entitlements";
				CODE_SIGN_STYLE = Automatic;
				CURRENT_PROJECT_VERSION = 1;
				DEVELOPMENT_ASSET_PATHS = "\"SwiftUI-Weather/Preview Content\"";
				DEVELOPMENT_TEAM = 4MULKPAJT2;
				ENABLE_HARDENED_RUNTIME = YES;
				ENABLE_PREVIEWS = YES;
				GENERATE_INFOPLIST_FILE = YES;
				"INFOPLIST_KEY_UIApplicationSceneManifest_Generation[sdk=iphoneos*]" = YES;
				"INFOPLIST_KEY_UIApplicationSceneManifest_Generation[sdk=iphonesimulator*]" = YES;
				"INFOPLIST_KEY_UIApplicationSupportsIndirectInputEvents[sdk=iphoneos*]" = YES;
				"INFOPLIST_KEY_UIApplicationSupportsIndirectInputEvents[sdk=iphonesimulator*]" = YES;
				"INFOPLIST_KEY_UILaunchScreen_Generation[sdk=iphoneos*]" = YES;
				"INFOPLIST_KEY_UILaunchScreen_Generation[sdk=iphonesimulator*]" = YES;
				"INFOPLIST_KEY_UIStatusBarStyle[sdk=iphoneos*]" = UIStatusBarStyleDefault;
				"INFOPLIST_KEY_UIStatusBarStyle[sdk=iphonesimulator*]" = UIStatusBarStyleDefault;
				INFOPLIST_KEY_UISupportedInterfaceOrientations_iPad = "UIInterfaceOrientationPortrait UIInterfaceOrientationPortraitUpsideDown UIInterfaceOrientationLandscapeLeft UIInterfaceOrientationLandscapeRight";
				INFOPLIST_KEY_UISupportedInterfaceOrientations_iPhone = "UIInterfaceOrientationPortrait UIInterfaceOrientationLandscapeLeft UIInterfaceOrientationLandscapeRight";
				IPHONEOS_DEPLOYMENT_TARGET = 16.4;
				LD_RUNPATH_SEARCH_PATHS = "@executable_path/Frameworks";
				"LD_RUNPATH_SEARCH_PATHS[sdk=macosx*]" = "@executable_path/../Frameworks";
				MACOSX_DEPLOYMENT_TARGET = 13.3;
				MARKETING_VERSION = 1.0;
				PRODUCT_BUNDLE_IDENTIFIER = "com.gmribas.SwiftUI-Weather";
				PRODUCT_NAME = "$(TARGET_NAME)";
				SDKROOT = auto;
				SUPPORTED_PLATFORMS = "iphoneos iphonesimulator macosx";
				SWIFT_EMIT_LOC_STRINGS = YES;
				SWIFT_VERSION = 5.0;
				TARGETED_DEVICE_FAMILY = "1,2";
			};
			name = Debug;
		};
		533010202AB4C902006A1D6B /* Release */ = {
			isa = XCBuildConfiguration;
			buildSettings = {
				ASSETCATALOG_COMPILER_APPICON_NAME = AppIcon;
				ASSETCATALOG_COMPILER_GLOBAL_ACCENT_COLOR_NAME = AccentColor;
				CODE_SIGN_ENTITLEMENTS = "SwiftUI-Weather/SwiftUI_Weather.entitlements";
				CODE_SIGN_STYLE = Automatic;
				CURRENT_PROJECT_VERSION = 1;
				DEVELOPMENT_ASSET_PATHS = "\"SwiftUI-Weather/Preview Content\"";
				DEVELOPMENT_TEAM = 4MULKPAJT2;
				ENABLE_HARDENED_RUNTIME = YES;
				ENABLE_PREVIEWS = YES;
				GENERATE_INFOPLIST_FILE = YES;
				"INFOPLIST_KEY_UIApplicationSceneManifest_Generation[sdk=iphoneos*]" = YES;
				"INFOPLIST_KEY_UIApplicationSceneManifest_Generation[sdk=iphonesimulator*]" = YES;
				"INFOPLIST_KEY_UIApplicationSupportsIndirectInputEvents[sdk=iphoneos*]" = YES;
				"INFOPLIST_KEY_UIApplicationSupportsIndirectInputEvents[sdk=iphonesimulator*]" = YES;
				"INFOPLIST_KEY_UILaunchScreen_Generation[sdk=iphoneos*]" = YES;
				"INFOPLIST_KEY_UILaunchScreen_Generation[sdk=iphonesimulator*]" = YES;
				"INFOPLIST_KEY_UIStatusBarStyle[sdk=iphoneos*]" = UIStatusBarStyleDefault;
				"INFOPLIST_KEY_UIStatusBarStyle[sdk=iphonesimulator*]" = UIStatusBarStyleDefault;
				INFOPLIST_KEY_UISupportedInterfaceOrientations_iPad = "UIInterfaceOrientationPortrait UIInterfaceOrientationPortraitUpsideDown UIInterfaceOrientationLandscapeLeft UIInterfaceOrientationLandscapeRight";
				INFOPLIST_KEY_UISupportedInterfaceOrientations_iPhone = "UIInterfaceOrientationPortrait UIInterfaceOrientationLandscapeLeft UIInterfaceOrientationLandscapeRight";
				IPHONEOS_DEPLOYMENT_TARGET = 16.4;
				LD_RUNPATH_SEARCH_PATHS = "@executable_path/Frameworks";
				"LD_RUNPATH_SEARCH_PATHS[sdk=macosx*]" = "@executable_path/../Frameworks";
				MACOSX_DEPLOYMENT_TARGET = 13.3;
				MARKETING_VERSION = 1.0;
				PRODUCT_BUNDLE_IDENTIFIER = "com.gmribas.SwiftUI-Weather";
				PRODUCT_NAME = "$(TARGET_NAME)";
				SDKROOT = auto;
				SUPPORTED_PLATFORMS = "iphoneos iphonesimulator macosx";
				SWIFT_EMIT_LOC_STRINGS = YES;
				SWIFT_VERSION = 5.0;
				TARGETED_DEVICE_FAMILY = "1,2";
			};
			name = Release;
		};
		533010222AB4C902006A1D6B /* Debug */ = {
			isa = XCBuildConfiguration;
			buildSettings = {
				ALWAYS_EMBED_SWIFT_STANDARD_LIBRARIES = YES;
				BUNDLE_LOADER = "$(TEST_HOST)";
				CODE_SIGN_STYLE = Automatic;
				CURRENT_PROJECT_VERSION = 1;
				DEVELOPMENT_TEAM = 4MULKPAJT2;
				GENERATE_INFOPLIST_FILE = YES;
				IPHONEOS_DEPLOYMENT_TARGET = 16.4;
				MACOSX_DEPLOYMENT_TARGET = 13.3;
				MARKETING_VERSION = 1.0;
				PRODUCT_BUNDLE_IDENTIFIER = "com.gmribas.SwiftUI-WeatherTests";
				PRODUCT_NAME = "$(TARGET_NAME)";
				SDKROOT = auto;
				SUPPORTED_PLATFORMS = "iphoneos iphonesimulator macosx";
				SWIFT_EMIT_LOC_STRINGS = NO;
				SWIFT_VERSION = 5.0;
				TARGETED_DEVICE_FAMILY = "1,2";
				TEST_HOST = "$(BUILT_PRODUCTS_DIR)/SwiftUI-Weather.app/$(BUNDLE_EXECUTABLE_FOLDER_PATH)/SwiftUI-Weather";
			};
			name = Debug;
		};
		533010232AB4C902006A1D6B /* Release */ = {
			isa = XCBuildConfiguration;
			buildSettings = {
				ALWAYS_EMBED_SWIFT_STANDARD_LIBRARIES = YES;
				BUNDLE_LOADER = "$(TEST_HOST)";
				CODE_SIGN_STYLE = Automatic;
				CURRENT_PROJECT_VERSION = 1;
				DEVELOPMENT_TEAM = 4MULKPAJT2;
				GENERATE_INFOPLIST_FILE = YES;
				IPHONEOS_DEPLOYMENT_TARGET = 16.4;
				MACOSX_DEPLOYMENT_TARGET = 13.3;
				MARKETING_VERSION = 1.0;
				PRODUCT_BUNDLE_IDENTIFIER = "com.gmribas.SwiftUI-WeatherTests";
				PRODUCT_NAME = "$(TARGET_NAME)";
				SDKROOT = auto;
				SUPPORTED_PLATFORMS = "iphoneos iphonesimulator macosx";
				SWIFT_EMIT_LOC_STRINGS = NO;
				SWIFT_VERSION = 5.0;
				TARGETED_DEVICE_FAMILY = "1,2";
				TEST_HOST = "$(BUILT_PRODUCTS_DIR)/SwiftUI-Weather.app/$(BUNDLE_EXECUTABLE_FOLDER_PATH)/SwiftUI-Weather";
			};
			name = Release;
		};
		533010252AB4C902006A1D6B /* Debug */ = {
			isa = XCBuildConfiguration;
			buildSettings = {
				ALWAYS_EMBED_SWIFT_STANDARD_LIBRARIES = YES;
				CODE_SIGN_STYLE = Automatic;
				CURRENT_PROJECT_VERSION = 1;
				DEVELOPMENT_TEAM = 4MULKPAJT2;
				GENERATE_INFOPLIST_FILE = YES;
				IPHONEOS_DEPLOYMENT_TARGET = 16.4;
				MACOSX_DEPLOYMENT_TARGET = 13.3;
				MARKETING_VERSION = 1.0;
				PRODUCT_BUNDLE_IDENTIFIER = "com.gmribas.SwiftUI-WeatherUITests";
				PRODUCT_NAME = "$(TARGET_NAME)";
				SDKROOT = auto;
				SUPPORTED_PLATFORMS = "iphoneos iphonesimulator macosx";
				SWIFT_EMIT_LOC_STRINGS = NO;
				SWIFT_VERSION = 5.0;
				TARGETED_DEVICE_FAMILY = "1,2";
				TEST_TARGET_NAME = "SwiftUI-Weather";
			};
			name = Debug;
		};
		533010262AB4C902006A1D6B /* Release */ = {
			isa = XCBuildConfiguration;
			buildSettings = {
				ALWAYS_EMBED_SWIFT_STANDARD_LIBRARIES = YES;
				CODE_SIGN_STYLE = Automatic;
				CURRENT_PROJECT_VERSION = 1;
				DEVELOPMENT_TEAM = 4MULKPAJT2;
				GENERATE_INFOPLIST_FILE = YES;
				IPHONEOS_DEPLOYMENT_TARGET = 16.4;
				MACOSX_DEPLOYMENT_TARGET = 13.3;
				MARKETING_VERSION = 1.0;
				PRODUCT_BUNDLE_IDENTIFIER = "com.gmribas.SwiftUI-WeatherUITests";
				PRODUCT_NAME = "$(TARGET_NAME)";
				SDKROOT = auto;
				SUPPORTED_PLATFORMS = "iphoneos iphonesimulator macosx";
				SWIFT_EMIT_LOC_STRINGS = NO;
				SWIFT_VERSION = 5.0;
				TARGETED_DEVICE_FAMILY = "1,2";
				TEST_TARGET_NAME = "SwiftUI-Weather";
			};
			name = Release;
		};
/* End XCBuildConfiguration section */

/* Begin XCConfigurationList section */
		53300FF42AB4C8FE006A1D6B /* Build configuration list for PBXProject "SwiftUI-Weather" */ = {
			isa = XCConfigurationList;
			buildConfigurations = (
				5330101C2AB4C902006A1D6B /* Debug */,
				5330101D2AB4C902006A1D6B /* Release */,
			);
			defaultConfigurationIsVisible = 0;
			defaultConfigurationName = Release;
		};
		5330101E2AB4C902006A1D6B /* Build configuration list for PBXNativeTarget "SwiftUI-Weather" */ = {
			isa = XCConfigurationList;
			buildConfigurations = (
				5330101F2AB4C902006A1D6B /* Debug */,
				533010202AB4C902006A1D6B /* Release */,
			);
			defaultConfigurationIsVisible = 0;
			defaultConfigurationName = Release;
		};
		533010212AB4C902006A1D6B /* Build configuration list for PBXNativeTarget "SwiftUI-WeatherTests" */ = {
			isa = XCConfigurationList;
			buildConfigurations = (
				533010222AB4C902006A1D6B /* Debug */,
				533010232AB4C902006A1D6B /* Release */,
			);
			defaultConfigurationIsVisible = 0;
			defaultConfigurationName = Release;
		};
		533010242AB4C902006A1D6B /* Build configuration list for PBXNativeTarget "SwiftUI-WeatherUITests" */ = {
			isa = XCConfigurationList;
			buildConfigurations = (
				533010252AB4C902006A1D6B /* Debug */,
				533010262AB4C902006A1D6B /* Release */,
			);
			defaultConfigurationIsVisible = 0;
			defaultConfigurationName = Release;
		};
/* End XCConfigurationList section */

/* Begin XCRemoteSwiftPackageReference section */
		5340E9792AB5F11300D72D91 /* XCRemoteSwiftPackageReference "async-http-client" */ = {
			isa = XCRemoteSwiftPackageReference;
			repositoryURL = "https://github.com/swift-server/async-http-client";
			requirement = {
				kind = upToNextMajorVersion;
				minimumVersion = 1.0.0;
			};
		};
/* End XCRemoteSwiftPackageReference section */

/* Begin XCSwiftPackageProductDependency section */
		5340E97A2AB5F11300D72D91 /* AsyncHTTPClient */ = {
			isa = XCSwiftPackageProductDependency;
			package = 5340E9792AB5F11300D72D91 /* XCRemoteSwiftPackageReference "async-http-client" */;
			productName = AsyncHTTPClient;
		};
/* End XCSwiftPackageProductDependency section */
	};
	rootObject = 53300FF12AB4C8FE006A1D6B /* Project object */;
}
